<?xml version="1.0" encoding="utf-8"?>
<Project ToolsVersion="4.0" xmlns="http://schemas.microsoft.com/developer/msbuild/2003">
  <ItemGroup>
    <Filter Include="소스 파일">
      <UniqueIdentifier>{4FC737F1-C7A5-4376-A066-2A32D752A2FF}</UniqueIdentifier>
      <Extensions>cpp;c;cc;cxx;def;odl;idl;hpj;bat;asm;asmx</Extensions>
    </Filter>
    <Filter Include="헤더 파일">
      <UniqueIdentifier>{93995380-89BD-4b04-88EB-625FBE52EBFB}</UniqueIdentifier>
      <Extensions>h;hh;hpp;hxx;hm;inl;inc;ipp;xsd</Extensions>
    </Filter>
    <Filter Include="리소스 파일">
      <UniqueIdentifier>{67DA6AB6-F800-4c08-8B7A-83BB121AAD01}</UniqueIdentifier>
      <Extensions>rc;ico;cur;bmp;dlg;rc2;rct;bin;rgs;gif;jpg;jpeg;jpe;resx;tiff;tif;png;wav;mfcribbon-ms</Extensions>
    </Filter>
  </ItemGroup>
  <ItemGroup>
    <ClCompile Include="About_apply.cpp">
      <Filter>소스 파일</Filter>
    </ClCompile>
    <ClCompile Include="About_course.cpp">
      <Filter>소스 파일</Filter>
    </ClCompile>
    <ClCompile Include="About_delete.cpp">
      <Filter>소스 파일</Filter>
    </ClCompile>
    <ClCompile Include="About_haksa.cpp">
      <Filter>소스 파일</Filter>
    </ClCompile>
    <ClCompile Include="About_regist.cpp">
      <Filter>소스 파일</Filter>
    </ClCompile>
    <ClCompile Include="CancelClass.cpp">
      <Filter>소스 파일</Filter>
    </ClCompile>
    <ClCompile Include="Class_Amend.cpp">
      <Filter>소스 파일</Filter>
    </ClCompile>
    <ClCompile Include="CourseCancel.cpp">
      <Filter>소스 파일</Filter>
    </ClCompile>
    <ClCompile Include="CourseCreation.cpp">
      <Filter>소스 파일</Filter>
    </ClCompile>
    <ClCompile Include="CoursePrint.cpp">
      <Filter>소스 파일</Filter>
    </ClCompile>
    <ClCompile Include="main.cpp">
      <Filter>소스 파일</Filter>
    </ClCompile>
    <ClCompile Include="Menu.cpp">
      <Filter>소스 파일</Filter>
    </ClCompile>
    <ClCompile Include="MenuCommand_Crs.cpp">
      <Filter>소스 파일</Filter>
    </ClCompile>
    <ClCompile Include="MenuCommand_Man.cpp">
      <Filter>소스 파일</Filter>
    </ClCompile>
    <ClCompile Include="MenuCommand_Pro.cpp">
      <Filter>소스 파일</Filter>
    </ClCompile>
    <ClCompile Include="MenuCommand_Stu.cpp">
      <Filter>소스 파일</Filter>
    </ClCompile>
    <ClCompile Include="PrintCourse.cpp">
      <Filter>소스 파일</Filter>
    </ClCompile>
    <ClCompile Include="PrintPerson.cpp">
      <Filter>소스 파일</Filter>
    </ClCompile>
    <ClCompile Include="ProfessorCreation.cpp">
      <Filter>소스 파일</Filter>
    </ClCompile>
    <ClCompile Include="ProfessorDelete.cpp">
      <Filter>소스 파일</Filter>
    </ClCompile>
    <ClCompile Include="RegistClass.cpp">
      <Filter>소스 파일</Filter>
    </ClCompile>
    <ClCompile Include="SetGrade.cpp">
      <Filter>소스 파일</Filter>
    </ClCompile>
    <ClCompile Include="StudentCreation.cpp">
      <Filter>소스 파일</Filter>
    </ClCompile>
    <ClCompile Include="StudentDelete.cpp">
      <Filter>소스 파일</Filter>
    </ClCompile>
    <ClCompile Include="StudentPrint.cpp">
      <Filter>소스 파일</Filter>
    </ClCompile>
    <ClCompile Include="Variables.cpp">
      <Filter>소스 파일</Filter>
    </ClCompile>
  </ItemGroup>
  <ItemGroup>
    <ClInclude Include="About_apply.h">
      <Filter>헤더 파일</Filter>
    </ClInclude>
    <ClInclude Include="About_course.h">
      <Filter>헤더 파일</Filter>
    </ClInclude>
    <ClInclude Include="About_delete.h">
      <Filter>헤더 파일</Filter>
    </ClInclude>
    <ClInclude Include="About_haksa.h">
      <Filter>헤더 파일</Filter>
    </ClInclude>
    <ClInclude Include="About_regist.h">
      <Filter>헤더 파일</Filter>
    </ClInclude>
    <ClInclude Include="CancelClass.h">
      <Filter>헤더 파일</Filter>
    </ClInclude>
    <ClInclude Include="Class_Amend.h">
      <Filter>헤더 파일</Filter>
    </ClInclude>
    <ClInclude Include="Course.h">
      <Filter>헤더 파일</Filter>
    </ClInclude>
    <ClInclude Include="CourseCancel.h">
      <Filter>헤더 파일</Filter>
    </ClInclude>
    <ClInclude Include="CourseCreation.h">
      <Filter>헤더 파일</Filter>
    </ClInclude>
    <ClInclude Include="CoursePrint.h">
      <Filter>헤더 파일</Filter>
    </ClInclude>
    <ClInclude Include="ICommand.h">
      <Filter>헤더 파일</Filter>
    </ClInclude>
    <ClInclude Include="Menu.h">
      <Filter>헤더 파일</Filter>
    </ClInclude>
    <ClInclude Include="MenuCommand_Crs.h">
      <Filter>헤더 파일</Filter>
    </ClInclude>
    <ClInclude Include="MenuCommand_Man.h">
      <Filter>헤더 파일</Filter>
    </ClInclude>
    <ClInclude Include="MenuCommand_Pro.h">
      <Filter>헤더 파일</Filter>
    </ClInclude>
    <ClInclude Include="MenuCommand_Stu.h">
      <Filter>헤더 파일</Filter>
    </ClInclude>
    <ClInclude Include="PrintCourse.h">
      <Filter>헤더 파일</Filter>
    </ClInclude>
    <ClInclude Include="PrintPerson.h">
      <Filter>헤더 파일</Filter>
    </ClInclude>
    <ClInclude Include="Professor.h">
      <Filter>헤더 파일</Filter>
    </ClInclude>
    <ClInclude Include="ProfessorCreation.h">
      <Filter>헤더 파일</Filter>
    </ClInclude>
    <ClInclude Include="ProfessorDelete.h">
      <Filter>헤더 파일</Filter>
    </ClInclude>
    <ClInclude Include="RegistClass.h">
      <Filter>헤더 파일</Filter>
    </ClInclude>
    <ClInclude Include="SetGrade.h">
      <Filter>헤더 파일</Filter>
    </ClInclude>
    <ClInclude Include="Student.h">
      <Filter>헤더 파일</Filter>
    </ClInclude>
    <ClInclude Include="StudentCreation.h">
      <Filter>헤더 파일</Filter>
    </ClInclude>
    <ClInclude Include="StudentDelete.h">
      <Filter>헤더 파일</Filter>
    </ClInclude>
    <ClInclude Include="StudentPrint.h">
      <Filter>헤더 파일</Filter>
    </ClInclude>
    <ClInclude Include="Variables.h">
      <Filter>헤더 파일</Filter>
    </ClInclude>
  </ItemGroup>
</Project>